apiVersion: argoproj.io/v1alpha1
kind: Application
metadata:
  name: keycloak
  namespace: argocd
spec:
  project: default
  source:
    repoURL: https://charts.bitnami.com/bitnami
    targetRevision: 25.1.0
    chart: keycloak
    helm:
      values: |
        hostnameStrict: true
        ingress:
          annotations: 
            alb.ingress.kubernetes.io/target-type: ip 
            alb.ingress.kubernetes.io/scheme: internet-facing
          enabled: true
          ingressClassName: alb
        global:
          security: 
            allowInsecureImages: true
        image:
          registry: docker.io
          repository: bitnamilegacy/keycloak
          global:
            security:
              allowInsecureImages: true
        postgresql:
          image:
            registry: registry-1.docker.io
            repository: bitnamilegacy/postgresql           
        auth:
          adminUser: "admin"
          adminPassword: "admin1"
        persistence:
          enabled: true
          size: "1Gi"
      releaseName: keycloak
  destination:
    server: https://kubernetes.default.svc
    namespace: keycloak
  syncPolicy:
    automated:
      prune: true
      selfHeal: true
    syncOptions:
    - CreateNamespace=true






